<Project xmlns="http://schemas.microsoft.com/developer/msbuild/2003">
    <PropertyGroup>
        <ProjectGuid>{C847EE72-7E8D-4E94-9988-0FBAB68509A9}</ProjectGuid>
        <ProjectVersion>20.4</ProjectVersion>
        <FrameworkType>VCL</FrameworkType>
        <Config Condition="'$(Config)'==''">Debug</Config>
        <Platform Condition="'$(Platform)'==''">Win64</Platform>
        <ProjectName Condition="'$(ProjectName)'==''">MMDAnimationStudio</ProjectName>
        <TargetedPlatforms>2</TargetedPlatforms>
        <AppType>Library</AppType>
        <MainSource>MMDAnimationStudio.dpr</MainSource>
        <Base>True</Base>
    </PropertyGroup>
    <PropertyGroup>
        <GenDll>true</GenDll>
        <DCC_DcuOutput>.\$(Platform)\$(Config)\StudioDCU</DCC_DcuOutput>
        <DCC_ExeOutput>.\$(Platform)\$(Config)</DCC_ExeOutput>
        <DCC_UnitSearchPath>Source\Plugin\Extension;Source\Plugin\Extension\PMX\Catalog;Source\Plugin\Extension\PMX\Catalog\Storage;Source\Plugin\Extension\PMX\Catalog\Filter;Source\Plugin\Extension\PMX\Catalog\Selector;Source\Plugin\Extension\PMX\Catalog\Menu;Source\Plugin\Extension\PMX\Catalog\View;Source\Plugin\Extension\PMX\Catalog\Thumbnail;Source\Plugin\Extension\PMX\Catalog\Pose;Source\Plugin\Extension\PMX\Catalog\Pose\Storage;Source\Plugin\Extension\PMX\Catalog\Pose\View;Source\Plugin\Extension\PMX\Catalog\Pose\Editor;Source\Plugin\Extension\PMX\Catalog\Pose\Drag;Source\Plugin\Extension\PMX\Catalog\Pose\Toolbar;Source\Plugin\Extension\PMX\Catalog\Pose\Menu;Source\Plugin\Extension\PMX\Catalog\Pose\Group;Source\Plugin\Extension\PMX\Catalog\Face;Source\Plugin\Extension\PMX\Catalog\Face\Storage;Source\Plugin\Extension\PMX\Catalog\Face\View;Source\Plugin\Extension\PMX\Catalog\Face\Toolbar;Source\Plugin\Extension\PMX\Catalog\Face\Menu;Source\Plugin\Extension\PMX\Catalog\Face\Group;Source\Plugin\Extension\Pose\Catalog;Source\Plugin\Extension\Pose\Catalog\Drag;Source\Plugin\Extension\Face\Catalog;Source\Plugin\Extension\VPD\Catalog;Source\Plugin\Extension\VPD\Import;Source\Plugin\Extension\VPD\Reuse;..\AviUtl2PluginLib\Serif;..\AviUtl2PluginLib\Explorer;..\AviUtl2PluginLib\Explorer\AviUtl;..\AviUtl2PluginLib\Explorer\Hist;..\AviUtl2PluginLib\Explorer\Tree;..\AviUtl2PluginLib\Explorer\ListView;..\AviUtl2PluginLib\Explorer\ListView\Normal;..\AviUtl2PluginLib\Explorer\ListView\Picture;..\AviUtl2PluginLib\Explorer\ListView\Sound;..\AviUtl2PluginLib\Explorer\ListView\Alias;..\AviUtl2PluginLib\Lib\FolderWatch;..\AviUtl2PluginLib\Lib\ListViewEdit;..\AviUtl2PluginLib\Lib\SpeedButtonAviUtlStyle;..\AviUtl2PluginLib\Lib\ColorPicker;..\AviUtl2PluginLib\Lib\FolderSelect;..\AviUtl2PluginLib\Lib\ListBoxEdit;..\AviUtl2PluginLib\Lib\ListViewThumbnail;..\AviUtl2PluginLib\Lib\BitmapChace;..\AviUtl2PluginLib\Lib\ImageLoader;..\AviUtl2PluginLib\Lib\FileInfoList;..\AviUtl2PluginLib\Lib\ClipboardWatcher;..\AviUtl2PluginLib\Lib\SoundFileUtils;..\AviUtl2PluginLib\Lib\WaveAnalyzer;..\AviUtl2PluginLib\Lib\ConfigPanel;..\AviUtl2PluginLib\Lib\AudioPlayer;..\AviUtl2PluginLib\Lib\TextEncoding;..\AviUtl2PluginLib\Lib\SectionFileManager;..\AviUtl2PluginLib\Lib\RTTIPersistent;..\Syncroh2\AviUtl;..\Syncroh2\AviUtl\Text;..\Syncroh2\AviUtl\Plugin;..\Syncroh2\AviUtl\Plugin\Alias;..\Syncroh2\AviUtl\Plugin\Cursor;..\Syncroh2\AviUtl\Plugin\Object;..\AviUtl2PluginLib\Lib\Style;..\AviUtl2PluginLib\Lib\AppFolderUtils;..\AviUtl2PluginLib\Lib\ShortcutAction;..\AviUtl2PluginLib\Lib\ConfirmDialog;..\AviUtl2PluginLib\Lib\DropFile;..\AviUtl2PluginLib\Lib\DragAgent;..\AviUtl2PluginLib\Lib\ItemListView;..\AviUtl2PluginLib\Lib\VerticalScrollBar;..\AviUtl2PluginLib\Lib\ToolBar;..\AviUtl2PluginLib\Lib\ToolBarPanelManager;..\AviUtl2PluginLib\MMD\Core;..\AviUtl2PluginLib\MMD\IO;..\AviUtl2PluginLib\MMD\VPD\IO;..\AviUtl2PluginLib\MMD\Editor;..\AviUtl2PluginLib\MMD\Editor\Theme;..\AviUtl2PluginLib\MMD\Editor\D3D;..\AviUtl2PluginLib\MMD\Editor\D3D\Temporary;$(DCC_UnitSearchPath)</DCC_UnitSearchPath>
        <DCC_Namespace>System;System.Win;Xml;Data;Datasnap;Web;Soap;Winapi;Vcl;Vcl.Imaging;$(DCC_Namespace)</DCC_Namespace>
        <SanitizedProjectName>MMDAnimationStudio</SanitizedProjectName>
    </PropertyGroup>
    <PropertyGroup Condition="'$(Config)'=='Base' or '$(Base)'!=''">
        <Base>true</Base>
    </PropertyGroup>
    <PropertyGroup Condition="'$(Config)'=='Debug' or '$(Cfg_1)'!=''">
        <Cfg_1>true</Cfg_1>
        <CfgParent>Base</CfgParent>
        <Base>true</Base>
    </PropertyGroup>
    <PropertyGroup Condition="('$(Platform)'=='Win64' and '$(Cfg_1)'=='true') or '$(Cfg_1_Win64)'!=''">
        <Cfg_1_Win64>true</Cfg_1_Win64>
        <CfgParent>Cfg_1</CfgParent>
        <Cfg_1>true</Cfg_1>
        <Base>true</Base>
    </PropertyGroup>
    <PropertyGroup Condition="'$(Config)'=='Release' or '$(Cfg_2)'!=''">
        <Cfg_2>true</Cfg_2>
        <CfgParent>Base</CfgParent>
        <Base>true</Base>
    </PropertyGroup>
    <PropertyGroup Condition="('$(Platform)'=='Win64' and '$(Cfg_2)'=='true') or '$(Cfg_2_Win64)'!=''">
        <Cfg_2_Win64>true</Cfg_2_Win64>
        <CfgParent>Cfg_2</CfgParent>
        <Cfg_2>true</Cfg_2>
        <Base>true</Base>
    </PropertyGroup>
    <PropertyGroup Condition="'$(Base)'!=''">
        <GenDll>true</GenDll>
        <SanitizedProjectName>MMDAnimationStudio</SanitizedProjectName>
        <VerInfo_IncludeVerInfo>true</VerInfo_IncludeVerInfo>
        <VerInfo_Locale>1041</VerInfo_Locale>
        <VerInfo_Keys>CompanyName=;FileDescription=MMDアニメーションスタジオ;FileVersion=1.0.0.0;InternalName=MMDAnimationStudio;LegalCopyright=;LegalTrademarks=;OriginalFilename=MMDAnimationStudio.aux2;ProgramID=;ProductName=MMDアニメーションスタジオ;ProductVersion=1.0.0.0;Comments=</VerInfo_Keys>
    </PropertyGroup>
    <PropertyGroup Condition="'$(Cfg_1)'!=''">
        <BT_BuildType>Debug</BT_BuildType>
        <DCC_Define>DEBUG;IS_DLL;$(DCC_Define)</DCC_Define>
        <DCC_DebugDCUs>true</DCC_DebugDCUs>
        <DCC_Optimize>false</DCC_Optimize>
        <DCC_GenerateStackFrames>true</DCC_GenerateStackFrames>
        <DCC_DebugInfoInExe>true</DCC_DebugInfoInExe>
        <DCC_IntegerOverflowCheck>true</DCC_IntegerOverflowCheck>
        <DCC_RangeChecking>true</DCC_RangeChecking>
    </PropertyGroup>
    <PropertyGroup Condition="'$(Cfg_1_Win64)'!=''">
        <Manifest_File>(なし)</Manifest_File>
        <AppDPIAwarenessMode>none</AppDPIAwarenessMode>
        <DCC_ExeOutput>C:\ProgramData\aviutl2\Plugin\MMD</DCC_ExeOutput>
        <PreBuildEvent><![CDATA[if not exist "C:\ProgramData\aviutl2\Plugin\MMD" mkdir "C:\ProgramData\aviutl2\Plugin\MMD"]]></PreBuildEvent>
        <PostBuildEvent><![CDATA[copy /Y "C:\ProgramData\aviutl2\Plugin\MMD\$(PROJECTNAME).dll" "C:\ProgramData\aviutl2\Plugin\MMD\$(PROJECTNAME).aux2"]]></PostBuildEvent>
        <Debugger_HostApplication>D:\aviutl2_v2.1.3a\aviutl2.exe</Debugger_HostApplication>
    </PropertyGroup>
    <PropertyGroup Condition="'$(Cfg_2)'!=''">
        <BT_BuildType>Release</BT_BuildType>
        <DCC_Define>RELEASE;IS_DLL;$(DCC_Define)</DCC_Define>
        <DCC_LocalDebugSymbols>false</DCC_LocalDebugSymbols>
        <DCC_SymbolReferenceInfo>0</DCC_SymbolReferenceInfo>
        <DCC_DebugInformation>0</DCC_DebugInformation>
    </PropertyGroup>
    <PropertyGroup Condition="'$(Cfg_2_Win64)'!=''">
        <Manifest_File>(なし)</Manifest_File>
        <AppDPIAwarenessMode>none</AppDPIAwarenessMode>
        <DCC_ExeOutput>C:\ProgramData\aviutl2\Plugin\MMD</DCC_ExeOutput>
        <PreBuildEvent><![CDATA[if not exist "C:\ProgramData\aviutl2\Plugin\MMD" mkdir "C:\ProgramData\aviutl2\Plugin\MMD"]]></PreBuildEvent>
        <PostBuildEvent><![CDATA[copy /Y "C:\ProgramData\aviutl2\Plugin\MMD\$(PROJECTNAME).dll" "C:\ProgramData\aviutl2\Plugin\MMD\$(PROJECTNAME).aux2"&&if exist "C:\ProgramData\aviutl2\Plugin\MMD\$(PROJECTNAME).dll" del /Q "C:\ProgramData\aviutl2\Plugin\MMD\$(PROJECTNAME).dll"&&if exist "C:\ProgramData\aviutl2\Plugin\MMD\$(PROJECTNAME).rsm" del /Q "C:\ProgramData\aviutl2\Plugin\MMD\$(PROJECTNAME).rsm"]]></PostBuildEvent>
        <Debugger_HostApplication>D:\aviutl2_v2.1.6a\aviutl2.exe</Debugger_HostApplication>
    </PropertyGroup>
    <ItemGroup>
        <DelphiCompile Include="$(MainSource)">
            <MainSource>MainSource</MainSource>
        </DelphiCompile>
        <DCCReference Include="..\AviUtl2PluginLib\Lib\AppFolderUtils\AppFolderUtils.pas"/>
        <DCCReference Include="..\AviUtl2PluginLib\Lib\Style\AviUtl2StyleColors.pas"/>
        <DCCReference Include="..\Syncroh2\AviUtl\Plugin\AviUtl2PluginTypes.pas"/>
        <DCCReference Include="..\Syncroh2\AviUtl\Plugin\AviUtl2PluginCore.pas"/>
        <DCCReference Include="..\Syncroh2\AviUtl\Plugin\Alias\AviUtl2AliasSelected.pas"/>
        <DCCReference Include="..\Syncroh2\AviUtl\AviUtl2TimeConvert.pas"/>
        <DCCReference Include="..\AviUtl2PluginLib\Lib\ShortcutAction\ShortcutAction.pas"/>
        <DCCReference Include="..\AviUtl2PluginLib\Lib\ConfirmDialog\ConfirmDialogForm.pas">
            <Form>FormConfirmDialog</Form>
            <FormType>dfm</FormType>
            <DesignClass>TForm</DesignClass>
        </DCCReference>
        <DCCReference Include="..\AviUtl2PluginLib\Lib\RTTIPersistent\RTTIPersistent.pas"/>
        <DCCReference Include="..\AviUtl2PluginLib\Lib\RTTIPersistent\RTTIPersistentIni.pas"/>
        <DCCReference Include="..\AviUtl2PluginLib\Lib\RTTIPersistent\RTTIPersistentFrame.pas"/>
        <DCCReference Include="..\AviUtl2PluginLib\Lib\SectionFileManager\SectionFileManager.pas"/>
        <DCCReference Include="..\AviUtl2PluginLib\Lib\ListViewEdit\ListViewEx.pas"/>
        <DCCReference Include="..\AviUtl2PluginLib\Lib\ToolBar\ToolbarButtons.pas"/>
        <DCCReference Include="..\AviUtl2PluginLib\Lib\ToolBar\ToolbarIcon.pas"/>
        <DCCReference Include="..\AviUtl2PluginLib\Lib\WindowInfoList\WindowInfoList.pas"/>
        <DCCReference Include="..\AviUtl2PluginLib\Explorer\AviUtl\ExplorerAviUtlBridge.pas"/>
        <DCCReference Include="..\AviUtl2PluginLib\Explorer\AviUtl\ExplorerAliasBuilder.pas"/>
        <DCCReference Include="..\AviUtl2PluginLib\Explorer\ExplorerFrame.pas">
            <Form>FrameExplorer</Form>
            <DesignClass>TFrame</DesignClass>
        </DCCReference>
        <DCCReference Include="..\AviUtl2PluginLib\Launcher\LauncherFrame.pas">
            <Form>FrameLauncher</Form>
            <FormType>dfm</FormType>
            <DesignClass>TFrame</DesignClass>
        </DCCReference>
        <DCCReference Include="..\AviUtl2PluginLib\Launcher\LauncherListFrame.pas">
            <Form>FrameLauncherList</Form>
            <FormType>dfm</FormType>
            <DesignClass>TFrame</DesignClass>
        </DCCReference>
        <DCCReference Include="..\AviUtl2PluginLib\Launcher\LauncherListItems.pas"/>
        <DCCReference Include="..\AviUtl2PluginLib\Launcher\LauncherListTypes.pas"/>
        <DCCReference Include="..\AviUtl2PluginLib\Launcher\LauncherListView.pas"/>
        <DCCReference Include="..\AviUtl2PluginLib\Launcher\LauncherGlobalHotkeys.pas"/>
        <DCCReference Include="..\AviUtl2PluginLib\Launcher\LauncherRunningState.pas"/>
        <DCCReference Include="..\AviUtl2PluginLib\Launcher\LauncherShellUtils.pas"/>
        <DCCReference Include="..\AviUtl2PluginLib\Launcher\LauncherWizardFrame.pas">
            <Form>FrameLauncherWizard</Form>
            <FormType>dfm</FormType>
            <DesignClass>TFrame</DesignClass>
        </DCCReference>
        <DCCReference Include="Source\Plugin\Extension\MMDAnimationStudioExtension.pas"/>
        <DCCReference Include="Source\Plugin\Extension\MMDAnimationStudioToolbarIcons.pas"/>
        <DCCReference Include="Source\Plugin\Extension\MMDAnimationStudioFrame.pas">
            <Form>FrameMMDAnimationStudio</Form>
            <FormType>dfm</FormType>
            <DesignClass>TFrame</DesignClass>
        </DCCReference>
        <DCCReference Include="Source\Plugin\Extension\PMX\Catalog\PmxCatalogFrame.pas">
            <Form>FramePmxCatalog</Form>
            <FormType>dfm</FormType>
            <DesignClass>TFrame</DesignClass>
        </DCCReference>
        <DCCReference Include="Source\Plugin\Extension\PMX\Catalog\PmxCatalogStorage.pas"/>
        <DCCReference Include="Source\Plugin\Extension\PMX\Catalog\Group\PmxCatalogGroupShortcut.pas"/>
        <DCCReference Include="Source\Plugin\Extension\PMX\Catalog\Storage\PmxCatalogItem.pas"/>
        <DCCReference Include="Source\Plugin\Extension\PMX\Catalog\Storage\PmxCatalogModelCodec.pas"/>
        <DCCReference Include="Source\Plugin\Extension\PMX\Catalog\Filter\PmxCatalogCharacterFilter.pas"/>
        <DCCReference Include="Source\Plugin\Extension\PMX\Catalog\Selector\PmxCatalogSelector.pas"/>
        <DCCReference Include="Source\Plugin\Extension\PMX\Catalog\Menu\PmxCatalogContextMenu.pas"/>
        <DCCReference Include="Source\Plugin\Extension\PMX\Catalog\View\PmxCatalogListView.pas"/>
        <DCCReference Include="Source\Plugin\Extension\PMX\Catalog\Pose\PmxPoseCatalogStorage.pas"/>
        <DCCReference Include="Source\Plugin\Extension\PMX\Catalog\Pose\Storage\PmxPoseCatalogDataValidation.pas"/>
        <DCCReference Include="Source\Plugin\Extension\PMX\Catalog\Pose\Storage\PmxPoseCatalogItem.pas"/>
        <DCCReference Include="Source\Plugin\Extension\PMX\Catalog\Pose\Storage\PmxPoseCatalogIndexCodec.pas"/>
        <DCCReference Include="Source\Plugin\Extension\PMX\Catalog\Pose\Storage\PmxPoseCatalogItemCodec.pas"/>
        <DCCReference Include="Source\Plugin\Extension\PMX\Catalog\Pose\View\PmxPoseCatalogListView.pas"/>
        <DCCReference Include="Source\Plugin\Extension\PMX\Catalog\Pose\Toolbar\PmxPoseCatalogToolbar.pas"/>
        <DCCReference Include="Source\Plugin\Extension\PMX\Catalog\Pose\Toolbar\PmxPoseCatalogToolbarIcons.pas"/>
        <DCCReference Include="Source\Plugin\Extension\PMX\Catalog\Pose\Menu\PmxPoseCatalogContextMenu.pas"/>
        <DCCReference Include="Source\Plugin\Extension\PMX\Catalog\Pose\Group\PmxPoseCatalogGroups.pas"/>
        <DCCReference Include="Source\Plugin\Extension\PMX\Catalog\Pose\Group\PmxPoseCatalogGroupBar.pas"/>
        <DCCReference Include="Source\Plugin\Extension\PMX\Catalog\Pose\Editor\PmxPoseCatalogEditor.pas"/>
        <DCCReference Include="Source\Plugin\Extension\PMX\Catalog\Pose\Drag\PmxPoseCatalogDragAlias.pas"/>
        <DCCReference Include="Source\Plugin\Extension\PMX\Catalog\Pose\Drag\PmxPoseCatalogDragController.pas"/>
        <DCCReference Include="Source\Plugin\Extension\PMX\Catalog\Face\Storage\PmxFaceCatalogItem.pas"/>
        <DCCReference Include="Source\Plugin\Extension\PMX\Catalog\Face\Storage\PmxFaceCatalogCodec.pas"/>
        <DCCReference Include="Source\Plugin\Extension\PMX\Catalog\Face\PmxFaceCatalogStorage.pas"/>
        <DCCReference Include="Source\Plugin\Extension\PMX\Catalog\Face\Group\PmxFaceCatalogGroups.pas"/>
        <DCCReference Include="Source\Plugin\Extension\PMX\Catalog\Face\Group\PmxFaceCatalogGroupBar.pas"/>
        <DCCReference Include="Source\Plugin\Extension\PMX\Catalog\Face\View\PmxFaceCatalogListView.pas"/>
        <DCCReference Include="Source\Plugin\Extension\PMX\Catalog\Face\View\PmxFaceCatalogSelection.pas"/>
        <DCCReference Include="Source\Plugin\Extension\PMX\Catalog\Face\Toolbar\PmxFaceCatalogToolbarIcons.pas"/>
        <DCCReference Include="Source\Plugin\Extension\PMX\Catalog\Face\Toolbar\PmxFaceCatalogToolbar.pas"/>
        <DCCReference Include="Source\Plugin\Extension\PMX\Catalog\Face\Menu\PmxFaceCatalogContextMenu.pas"/>
        <DCCReference Include="Source\Plugin\Extension\PMX\Catalog\Face\Editor\PmxFaceCatalogEditor.pas"/>
        <DCCReference Include="Source\Plugin\Extension\Pose\Catalog\MmdPoseCatalogFrame.pas"/>
        <DCCReference Include="Source\Plugin\Extension\Face\Catalog\MmdFaceCatalogFrame.pas">
            <Form>FrameMmdFaceCatalog</Form>
            <FormType>dfm</FormType>
            <DesignClass>TFrame</DesignClass>
        </DCCReference>
        <DCCReference Include="Source\Plugin\Extension\Face\Catalog\Drag\MmdFaceObjectDragAlias.pas"/>
        <DCCReference Include="Source\Plugin\Extension\Face\Catalog\Drag\MmdFaceObjectDragController.pas"/>
        <DCCReference Include="Source\Plugin\Extension\Pose\Catalog\Drag\MmdPoseObjectDragAlias.pas"/>
        <DCCReference Include="Source\Plugin\Extension\Pose\Catalog\Drag\MmdPoseObjectDragController.pas"/>
        <DCCReference Include="Source\Plugin\Extension\VPD\Catalog\MmdVpdCatalogItem.pas"/>
        <DCCReference Include="Source\Plugin\Extension\VPD\Catalog\MmdVpdCatalogCodec.pas"/>
        <DCCReference Include="Source\Plugin\Extension\VPD\Catalog\MmdVpdCatalog.pas"/>
        <DCCReference Include="Source\Plugin\Extension\VPD\Import\MmdVpdPoseImporter.pas"/>
        <DCCReference Include="Source\Plugin\Extension\VPD\Reuse\MmdVpdReuseForm.pas"/>
        <DCCReference Include="..\AviUtl2PluginLib\Lib\DragAgent\DragAgent.pas"/>
        <DCCReference Include="Source\Plugin\Extension\PMX\Catalog\Thumbnail\PmxCatalogThumbnailCache.pas"/>
        <DCCReference Include="Source\Plugin\Extension\PMX\Catalog\Thumbnail\PmxCatalogThumbnailRenderer.pas"/>
        <DCCReference Include="..\AviUtl2PluginLib\MMD\VPD\IO\MmdVpdDirectory.pas"/>
        <DCCReference Include="..\AviUtl2PluginLib\MMD\VPD\IO\VpdPoseCodec.pas"/>
        <DCCReference Include="..\AviUtl2PluginLib\Lib\HorizontalTrackBar\HorizontalTrackBarRenderer.pas"/>
        <DCCReference Include="..\AviUtl2PluginLib\Lib\HorizontalTrackBar\HorizontalTrackBarControl.pas"/>
        <DCCReference Include="..\AviUtl2PluginLib\Lib\VerticalScrollBar\VerticalScrollBarControl.pas"/>
        <DCCReference Include="..\AviUtl2PluginLib\MMD\Editor\Morph\List\MmdMorphSettingListRenderer.pas"/>
        <DCCReference Include="..\AviUtl2PluginLib\MMD\Editor\Morph\List\MmdMorphSettingRows.pas"/>
        <DCCReference Include="..\AviUtl2PluginLib\MMD\Editor\Morph\List\MmdMorphSettingValue.pas"/>
        <DCCReference Include="..\AviUtl2PluginLib\MMD\Editor\Morph\List\MmdMorphSettingList.pas"/>
        <DCCReference Include="..\AviUtl2PluginLib\MMD\Editor\Morph\MmdMorphPreviewPanel.pas"/>
        <DCCReference Include="..\AviUtl2PluginLib\MMD\Editor\MmdPoseEditorTheme.pas"/>
        <DCCReference Include="..\AviUtl2PluginLib\MMD\Editor\Theme\MmdPoseEditorButtonTheme.pas"/>
        <DCCReference Include="..\AviUtl2PluginLib\MMD\Editor\Theme\MmdPoseEditorListTheme.pas"/>
        <DCCReference Include="..\AviUtl2PluginLib\MMD\Editor\Theme\MmdPoseEditorComboTheme.pas"/>
        <DCCReference Include="..\AviUtl2PluginLib\MMD\Common\IO\MmdMorphSettingCodec.pas"/>
        <DCCReference Include="..\AviUtl2PluginLib\MMD\Common\IO\MmdEyeBlinkSettingCodec.pas"/>
        <DCCReference Include="..\AviUtl2PluginLib\MMD\Editor\Setting\Panel\MmdEyeBlinkSettingPanel.pas"/>
        <DCCReference Include="..\AviUtl2PluginLib\MMD\Common\IO\MmdLipSyncSettingCodec.pas"/>
        <DCCReference Include="..\AviUtl2PluginLib\MMD\Editor\Setting\Panel\MmdLipSyncSettingPanel.pas"/>
        <DCCReference Include="..\AviUtl2PluginLib\MMD\Editor\Setting\Toolbar\MmdModelSettingEditorIcons.pas"/>
        <DCCReference Include="..\AviUtl2PluginLib\MMD\Editor\Setting\Toolbar\MmdModelSettingToolbarRenderer.pas"/>
        <DCCReference Include="..\AviUtl2PluginLib\MMD\Editor\Setting\Panel\MmdSettingPanelValue.pas"/>
        <DCCReference Include="..\AviUtl2PluginLib\MMD\Editor\Setting\MmdModelSettingEditor.pas"/>
        <DCCReference Include="..\AviUtl2PluginLib\MMD\Editor\Setting\MmdModelSettingDialogs.pas"/>
        <DCCReference Include="Source\Plugin\Extension\MMDAnimationStudioForm.pas">
            <Form>FormMMDAnimationStudio</Form>
            <FormType>dfm</FormType>
        </DCCReference>
        <BuildConfiguration Include="Base">
            <Key>Base</Key>
        </BuildConfiguration>
        <BuildConfiguration Include="Debug">
            <Key>Cfg_1</Key>
            <CfgParent>Base</CfgParent>
        </BuildConfiguration>
        <BuildConfiguration Include="Release">
            <Key>Cfg_2</Key>
            <CfgParent>Base</CfgParent>
        </BuildConfiguration>
    </ItemGroup>
    <ProjectExtensions>
        <Borland.Personality>Delphi.Personality.12</Borland.Personality>
        <Borland.ProjectType>VCLApplication</Borland.ProjectType>
        <BorlandProject>
            <Delphi.Personality>
                <Source>
                    <Source Name="MainSource">MMDAnimationStudio.dpr</Source>
                </Source>
            </Delphi.Personality>
            <Platforms>
                <Platform value="Win32">False</Platform>
                <Platform value="Win64">True</Platform>
            </Platforms>
        </BorlandProject>
        <ProjectFileVersion>12</ProjectFileVersion>
    </ProjectExtensions>
    <Import Project="$(BDS)\Bin\CodeGear.Delphi.Targets" Condition="Exists('$(BDS)\Bin\CodeGear.Delphi.Targets')"/>
    <Import Project="$(APPDATA)\Embarcadero\$(BDSAPPDATABASEDIR)\$(PRODUCTVERSION)\UserTools.proj" Condition="Exists('$(APPDATA)\Embarcadero\$(BDSAPPDATABASEDIR)\$(PRODUCTVERSION)\UserTools.proj')"/>
    <PropertyGroup Condition="'$(Config)'=='Debug' And '$(Platform)'=='Win64'">
        <PreBuildEvent>if not exist &quot;C:\ProgramData\aviutl2\Plugin\MMD&quot; mkdir &quot;C:\ProgramData\aviutl2\Plugin\MMD&quot;</PreBuildEvent>
        <PreBuildEventIgnoreExitCode>False</PreBuildEventIgnoreExitCode>
        <PreLinkEvent/>
        <PreLinkEventIgnoreExitCode>False</PreLinkEventIgnoreExitCode>
        <PostBuildEvent>copy /Y &quot;C:\ProgramData\aviutl2\Plugin\MMD\$(PROJECTNAME).dll&quot; &quot;C:\ProgramData\aviutl2\Plugin\MMD\$(PROJECTNAME).aux2&quot;</PostBuildEvent>
        <PostBuildEventIgnoreExitCode>False</PostBuildEventIgnoreExitCode>
    </PropertyGroup>
    <PropertyGroup Condition="'$(Config)'=='Release' And '$(Platform)'=='Win64'">
        <PreBuildEvent>if not exist &quot;C:\ProgramData\aviutl2\Plugin\MMD&quot; mkdir &quot;C:\ProgramData\aviutl2\Plugin\MMD&quot;</PreBuildEvent>
        <PreBuildEventIgnoreExitCode>False</PreBuildEventIgnoreExitCode>
        <PreLinkEvent/>
        <PreLinkEventIgnoreExitCode>False</PreLinkEventIgnoreExitCode>
        <PostBuildEvent>copy /Y &quot;C:\ProgramData\aviutl2\Plugin\MMD\$(PROJECTNAME).dll&quot; &quot;C:\ProgramData\aviutl2\Plugin\MMD\$(PROJECTNAME).aux2&quot;&amp;&amp;if exist &quot;C:\ProgramData\aviutl2\Plugin\MMD\$(PROJECTNAME).dll&quot; del /Q &quot;C:\ProgramData\aviutl2\Plugin\MMD\$(PROJECTNAME).dll&quot;&amp;&amp;if exist &quot;C:\ProgramData\aviutl2\Plugin\MMD\$(PROJECTNAME).rsm&quot; del /Q &quot;C:\ProgramData\aviutl2\Plugin\MMD\$(PROJECTNAME).rsm&quot;</PostBuildEvent>
        <PostBuildEventIgnoreExitCode>False</PostBuildEventIgnoreExitCode>
    </PropertyGroup>
</Project>
