<Project xmlns="http://schemas.microsoft.com/developer/msbuild/2003">
    <PropertyGroup>
        <ProjectGuid>{C847EE72-7E8D-4E94-9988-0FBAB68509A9}</ProjectGuid>
        <ProjectVersion>20.4</ProjectVersion>
        <FrameworkType>VCL</FrameworkType>
        <Config Condition="'$(Config)'==''">Debug</Config>
        <Platform Condition="'$(Platform)'==''">Win64</Platform>
        <ProjectName Condition="'$(ProjectName)'==''">MMDAnimationStudio</ProjectName>
        <TargetedPlatforms>2</TargetedPlatforms>
        <AppType>Library</AppType>
        <MainSource>MMDAnimationStudio.dpr</MainSource>
        <Base>True</Base>
    </PropertyGroup>
    <PropertyGroup>
        <GenDll>true</GenDll>
        <DCC_DcuOutput>.\$(Platform)\$(Config)\StudioDCU</DCC_DcuOutput>
        <DCC_ExeOutput>.\$(Platform)\$(Config)</DCC_ExeOutput>
        <DCC_UnitSearchPath>Source\Plugin\Extension;Source\Plugin\Extension\Style;Source\Plugin\Extension\PMX\Catalog;Source\Plugin\Extension\PMX\Catalog\View;Source\Plugin\Extension\PMX\Catalog\Thumbnail;Source\Plugin\Extension\PMX\Catalog\Pose;Source\Plugin\Extension\PMX\Catalog\Pose\View;Source\Plugin\Extension\PMX\Catalog\Pose\Editor;Source\Plugin\Extension\PMX\Catalog\Pose\Drag;..\AviUtl2PluginLib\Serif;..\AviUtl2PluginLib\Lib\AppFolderUtils;..\AviUtl2PluginLib\Lib\DropFile;..\AviUtl2PluginLib\Lib\DragAgent;..\AviUtl2PluginLib\Lib\ItemListView;..\AviUtl2PluginLib\Lib\VerticalScrollBar;..\AviUtl2PluginLib\Lib\ToolBarPanelManager;..\AviUtl2PluginLib\MMD\Core;..\AviUtl2PluginLib\MMD\IO;..\AviUtl2PluginLib\MMD\Editor;..\AviUtl2PluginLib\MMD\Editor\D3D;..\AviUtl2PluginLib\MMD\Editor\D3D\Temporary;$(DCC_UnitSearchPath)</DCC_UnitSearchPath>
        <DCC_Namespace>System;System.Win;Xml;Data;Datasnap;Web;Soap;Winapi;Vcl;Vcl.Imaging;$(DCC_Namespace)</DCC_Namespace>
        <SanitizedProjectName>MMDAnimationStudio</SanitizedProjectName>
    </PropertyGroup>
    <PropertyGroup Condition="'$(Config)'=='Base' or '$(Base)'!=''">
        <Base>true</Base>
    </PropertyGroup>
    <PropertyGroup Condition="'$(Config)'=='Debug' or '$(Cfg_1)'!=''">
        <Cfg_1>true</Cfg_1>
        <CfgParent>Base</CfgParent>
        <Base>true</Base>
    </PropertyGroup>
    <PropertyGroup Condition="('$(Platform)'=='Win64' and '$(Cfg_1)'=='true') or '$(Cfg_1_Win64)'!=''">
        <Cfg_1_Win64>true</Cfg_1_Win64>
        <CfgParent>Cfg_1</CfgParent>
        <Cfg_1>true</Cfg_1>
        <Base>true</Base>
    </PropertyGroup>
    <PropertyGroup Condition="'$(Config)'=='Release' or '$(Cfg_2)'!=''">
        <Cfg_2>true</Cfg_2>
        <CfgParent>Base</CfgParent>
        <Base>true</Base>
    </PropertyGroup>
    <PropertyGroup Condition="('$(Platform)'=='Win64' and '$(Cfg_2)'=='true') or '$(Cfg_2_Win64)'!=''">
        <Cfg_2_Win64>true</Cfg_2_Win64>
        <CfgParent>Cfg_2</CfgParent>
        <Cfg_2>true</Cfg_2>
        <Base>true</Base>
    </PropertyGroup>
    <PropertyGroup Condition="'$(Base)'!=''">
        <GenDll>true</GenDll>
        <SanitizedProjectName>MMDAnimationStudio</SanitizedProjectName>
        <VerInfo_IncludeVerInfo>true</VerInfo_IncludeVerInfo>
        <VerInfo_Locale>1041</VerInfo_Locale>
        <VerInfo_Keys>CompanyName=;FileDescription=MMDアニメーションスタジオ;FileVersion=1.0.0.0;InternalName=MMDAnimationStudio;LegalCopyright=;LegalTrademarks=;OriginalFilename=MMDAnimationStudio.aux2;ProgramID=;ProductName=MMDアニメーションスタジオ;ProductVersion=1.0.0.0;Comments=</VerInfo_Keys>
    </PropertyGroup>
    <PropertyGroup Condition="'$(Cfg_1)'!=''">
        <BT_BuildType>Debug</BT_BuildType>
        <DCC_Define>DEBUG;IS_DLL;$(DCC_Define)</DCC_Define>
        <DCC_DebugDCUs>true</DCC_DebugDCUs>
        <DCC_Optimize>false</DCC_Optimize>
        <DCC_GenerateStackFrames>true</DCC_GenerateStackFrames>
        <DCC_DebugInfoInExe>true</DCC_DebugInfoInExe>
        <DCC_IntegerOverflowCheck>true</DCC_IntegerOverflowCheck>
        <DCC_RangeChecking>true</DCC_RangeChecking>
    </PropertyGroup>
    <PropertyGroup Condition="'$(Cfg_1_Win64)'!=''">
        <Manifest_File>(なし)</Manifest_File>
        <AppDPIAwarenessMode>none</AppDPIAwarenessMode>
        <DCC_ExeOutput>C:\ProgramData\aviutl2\Plugin\MMD</DCC_ExeOutput>
        <PreBuildEvent><![CDATA[if not exist "C:\ProgramData\aviutl2\Plugin\MMD" mkdir "C:\ProgramData\aviutl2\Plugin\MMD"]]></PreBuildEvent>
        <PostBuildEvent><![CDATA[copy /Y "C:\ProgramData\aviutl2\Plugin\MMD\$(PROJECTNAME).dll" "C:\ProgramData\aviutl2\Plugin\MMD\$(PROJECTNAME).aux2"]]></PostBuildEvent>
        <Debugger_HostApplication>D:\aviutl2_v2.1.3a\aviutl2.exe</Debugger_HostApplication>
    </PropertyGroup>
    <PropertyGroup Condition="'$(Cfg_2)'!=''">
        <BT_BuildType>Release</BT_BuildType>
        <DCC_Define>RELEASE;IS_DLL;$(DCC_Define)</DCC_Define>
        <DCC_LocalDebugSymbols>false</DCC_LocalDebugSymbols>
        <DCC_SymbolReferenceInfo>0</DCC_SymbolReferenceInfo>
        <DCC_DebugInformation>0</DCC_DebugInformation>
    </PropertyGroup>
    <PropertyGroup Condition="'$(Cfg_2_Win64)'!=''">
        <Manifest_File>(なし)</Manifest_File>
        <AppDPIAwarenessMode>none</AppDPIAwarenessMode>
        <DCC_ExeOutput>C:\ProgramData\aviutl2\Plugin\MMD</DCC_ExeOutput>
        <PreBuildEvent><![CDATA[if not exist "C:\ProgramData\aviutl2\Plugin\MMD" mkdir "C:\ProgramData\aviutl2\Plugin\MMD"]]></PreBuildEvent>
        <PostBuildEvent><![CDATA[copy /Y "C:\ProgramData\aviutl2\Plugin\MMD\$(PROJECTNAME).dll" "C:\ProgramData\aviutl2\Plugin\MMD\$(PROJECTNAME).aux2"&&if exist "C:\ProgramData\aviutl2\Plugin\MMD\$(PROJECTNAME).dll" del /Q "C:\ProgramData\aviutl2\Plugin\MMD\$(PROJECTNAME).dll"&&if exist "C:\ProgramData\aviutl2\Plugin\MMD\$(PROJECTNAME).rsm" del /Q "C:\ProgramData\aviutl2\Plugin\MMD\$(PROJECTNAME).rsm"]]></PostBuildEvent>
        <Debugger_HostApplication>D:\aviutl2_v2.1.6a\aviutl2.exe</Debugger_HostApplication>
    </PropertyGroup>
    <ItemGroup>
        <DelphiCompile Include="$(MainSource)">
            <MainSource>MainSource</MainSource>
        </DelphiCompile>
        <DCCReference Include="..\AviUtl2PluginLib\Lib\AppFolderUtils\AppFolderUtils.pas"/>
        <DCCReference Include="Source\Plugin\Extension\MMDAnimationStudioExtension.pas"/>
        <DCCReference Include="Source\Plugin\Extension\MMDAnimationStudioToolbarIcons.pas"/>
        <DCCReference Include="Source\Plugin\Extension\MMDAnimationStudioFrame.pas">
            <Form>FrameMMDAnimationStudio</Form>
            <FormType>dfm</FormType>
            <DesignClass>TFrame</DesignClass>
        </DCCReference>
        <DCCReference Include="Source\Plugin\Extension\PMX\Catalog\PmxCatalogFrame.pas">
            <Form>FramePmxCatalog</Form>
            <FormType>dfm</FormType>
            <DesignClass>TFrame</DesignClass>
        </DCCReference>
        <DCCReference Include="Source\Plugin\Extension\PMX\Catalog\PmxCatalogStorage.pas"/>
        <DCCReference Include="Source\Plugin\Extension\PMX\Catalog\View\PmxCatalogListView.pas"/>
        <DCCReference Include="Source\Plugin\Extension\PMX\Catalog\Pose\PmxPoseCatalogStorage.pas"/>
        <DCCReference Include="Source\Plugin\Extension\PMX\Catalog\Pose\Storage\PmxPoseCatalogDataValidation.pas"/>
        <DCCReference Include="Source\Plugin\Extension\PMX\Catalog\Pose\View\PmxPoseCatalogListView.pas"/>
        <DCCReference Include="Source\Plugin\Extension\PMX\Catalog\Pose\Editor\PmxPoseCatalogEditor.pas"/>
        <DCCReference Include="Source\Plugin\Extension\PMX\Catalog\Pose\Drag\PmxPoseCatalogDragAlias.pas"/>
        <DCCReference Include="..\AviUtl2PluginLib\Lib\DragAgent\DragAgent.pas"/>
        <DCCReference Include="Source\Plugin\Extension\PMX\Catalog\Thumbnail\PmxCatalogThumbnailCache.pas"/>
        <DCCReference Include="Source\Plugin\Extension\PMX\Catalog\Thumbnail\PmxCatalogThumbnailRenderer.pas"/>
        <DCCReference Include="..\AviUtl2PluginLib\MMD\VPD\IO\MmdVpdDirectory.pas"/>
        <DCCReference Include="..\AviUtl2PluginLib\Lib\HorizontalTrackBar\HorizontalTrackBarRenderer.pas"/>
        <DCCReference Include="..\AviUtl2PluginLib\Lib\HorizontalTrackBar\HorizontalTrackBarControl.pas"/>
        <DCCReference Include="..\AviUtl2PluginLib\Lib\VerticalScrollBar\VerticalScrollBarControl.pas"/>
        <DCCReference Include="..\AviUtl2PluginLib\MMD\Editor\Morph\MmdMorphSettingListRenderer.pas"/>
        <DCCReference Include="..\AviUtl2PluginLib\MMD\Editor\Morph\MmdMorphSettingRows.pas"/>
        <DCCReference Include="..\AviUtl2PluginLib\MMD\Editor\Morph\MmdMorphSettingValue.pas"/>
        <DCCReference Include="..\AviUtl2PluginLib\MMD\Editor\Morph\MmdMorphSettingList.pas"/>
        <DCCReference Include="..\AviUtl2PluginLib\MMD\Editor\Morph\MmdMorphPreviewPanel.pas"/>
        <DCCReference Include="..\AviUtl2PluginLib\MMD\Common\IO\MmdMorphSettingCodec.pas"/>
        <DCCReference Include="..\AviUtl2PluginLib\MMD\Common\IO\MmdEyeBlinkSettingCodec.pas"/>
        <DCCReference Include="..\AviUtl2PluginLib\MMD\Editor\Setting\MmdEyeBlinkSettingPanel.pas"/>
        <DCCReference Include="..\AviUtl2PluginLib\MMD\Common\IO\MmdLipSyncSettingCodec.pas"/>
        <DCCReference Include="..\AviUtl2PluginLib\MMD\Editor\Setting\MmdLipSyncSettingPanel.pas"/>
        <DCCReference Include="..\AviUtl2PluginLib\MMD\Editor\Setting\MmdModelSettingEditorIcons.pas"/>
        <DCCReference Include="..\AviUtl2PluginLib\MMD\Editor\Setting\MmdSettingPanelValue.pas"/>
        <DCCReference Include="..\AviUtl2PluginLib\MMD\Editor\Setting\MmdModelSettingEditor.pas"/>
        <DCCReference Include="..\AviUtl2PluginLib\MMD\Editor\Setting\MmdModelSettingDialogs.pas"/>
        <DCCReference Include="Source\Plugin\Extension\MMDAnimationStudioForm.pas">
            <Form>FormMMDAnimationStudio</Form>
            <FormType>dfm</FormType>
        </DCCReference>
        <BuildConfiguration Include="Base">
            <Key>Base</Key>
        </BuildConfiguration>
        <BuildConfiguration Include="Debug">
            <Key>Cfg_1</Key>
            <CfgParent>Base</CfgParent>
        </BuildConfiguration>
        <BuildConfiguration Include="Release">
            <Key>Cfg_2</Key>
            <CfgParent>Base</CfgParent>
        </BuildConfiguration>
    </ItemGroup>
    <ProjectExtensions>
        <Borland.Personality>Delphi.Personality.12</Borland.Personality>
        <Borland.ProjectType>VCLApplication</Borland.ProjectType>
        <BorlandProject>
            <Delphi.Personality>
                <Source>
                    <Source Name="MainSource">MMDAnimationStudio.dpr</Source>
                </Source>
            </Delphi.Personality>
            <Platforms>
                <Platform value="Win32">False</Platform>
                <Platform value="Win64">True</Platform>
            </Platforms>
        </BorlandProject>
        <ProjectFileVersion>12</ProjectFileVersion>
    </ProjectExtensions>
    <Import Project="$(BDS)\Bin\CodeGear.Delphi.Targets" Condition="Exists('$(BDS)\Bin\CodeGear.Delphi.Targets')"/>
    <Import Project="$(APPDATA)\Embarcadero\$(BDSAPPDATABASEDIR)\$(PRODUCTVERSION)\UserTools.proj" Condition="Exists('$(APPDATA)\Embarcadero\$(BDSAPPDATABASEDIR)\$(PRODUCTVERSION)\UserTools.proj')"/>
    <PropertyGroup Condition="'$(Config)'=='Debug' And '$(Platform)'=='Win64'">
        <PreBuildEvent>if not exist &quot;C:\ProgramData\aviutl2\Plugin\MMD&quot; mkdir &quot;C:\ProgramData\aviutl2\Plugin\MMD&quot;</PreBuildEvent>
        <PreBuildEventIgnoreExitCode>False</PreBuildEventIgnoreExitCode>
        <PreLinkEvent/>
        <PreLinkEventIgnoreExitCode>False</PreLinkEventIgnoreExitCode>
        <PostBuildEvent>copy /Y &quot;C:\ProgramData\aviutl2\Plugin\MMD\$(PROJECTNAME).dll&quot; &quot;C:\ProgramData\aviutl2\Plugin\MMD\$(PROJECTNAME).aux2&quot;</PostBuildEvent>
        <PostBuildEventIgnoreExitCode>False</PostBuildEventIgnoreExitCode>
    </PropertyGroup>
    <PropertyGroup Condition="'$(Config)'=='Release' And '$(Platform)'=='Win64'">
        <PreBuildEvent>if not exist &quot;C:\ProgramData\aviutl2\Plugin\MMD&quot; mkdir &quot;C:\ProgramData\aviutl2\Plugin\MMD&quot;</PreBuildEvent>
        <PreBuildEventIgnoreExitCode>False</PreBuildEventIgnoreExitCode>
        <PreLinkEvent/>
        <PreLinkEventIgnoreExitCode>False</PreLinkEventIgnoreExitCode>
        <PostBuildEvent>copy /Y &quot;C:\ProgramData\aviutl2\Plugin\MMD\$(PROJECTNAME).dll&quot; &quot;C:\ProgramData\aviutl2\Plugin\MMD\$(PROJECTNAME).aux2&quot;&amp;&amp;if exist &quot;C:\ProgramData\aviutl2\Plugin\MMD\$(PROJECTNAME).dll&quot; del /Q &quot;C:\ProgramData\aviutl2\Plugin\MMD\$(PROJECTNAME).dll&quot;&amp;&amp;if exist &quot;C:\ProgramData\aviutl2\Plugin\MMD\$(PROJECTNAME).rsm&quot; del /Q &quot;C:\ProgramData\aviutl2\Plugin\MMD\$(PROJECTNAME).rsm&quot;</PostBuildEvent>
        <PostBuildEventIgnoreExitCode>False</PostBuildEventIgnoreExitCode>
    </PropertyGroup>
</Project>
